PODS:
  - Nimble (7.3.1)
  - Quick (1.3.2)
  - SnapshotTesting (1.0.0)
  - SnapshotTesting-Nimble (0.1.0):
    - Nimble
    - SnapshotTesting (= 1.0.0)

DEPENDENCIES:
  - Nimble (~> 7.3.1)
  - Quick (~> 1.3.2)
  - SnapshotTesting (= 1.0.0)
  - SnapshotTesting-Nimble (from `../`)

SPEC REPOS:
  https://github.com/cocoapods/specs.git:
    - Nimble
    - Quick
    - SnapshotTesting

EXTERNAL SOURCES:
  SnapshotTesting-Nimble:
    :path: "../"

SPEC CHECKSUMS:
  Nimble: 04f732da099ea4d153122aec8c2a88fd0c7219ae
  Quick: 2623cb30d7a7f41ca62f684f679586558f483d46
  SnapshotTesting: 7c799dd6fab517da677e9cb83557b12a0253f2da
  SnapshotTesting-Nimble: 096a048d499b30cc912a75738f529312903ac352

PODFILE CHECKSUM: 9eaa6814b84626ee93cc6e88078271c42af271d9

COCOAPODS: 1.5.3
